
Microsoft Visual Studio Solution File, Format Version 12.00
# Visual Studio Version 16
VisualStudioVersion = 16.0.31410.357
MinimumVisualStudioVersion = 10.0.40219.1
Project("{FAE04EC0-301F-11D3-BF4B-00C04F79EFBC}") = "GBLesson6_Fedotov_P_S", "GBLesson6_Fedotov_P_S\GBLesson6_Fedotov_P_S.csproj", "{2156ABEE-A2E6-480D-A38F-BEA2D63A4134}"
EndProject
Global
	GlobalSection(SolutionConfigurationPlatforms) = preSolution
		Debug|Any CPU = Debug|Any CPU
		Release|Any CPU = Release|Any CPU
	EndGlobalSection
	GlobalSection(ProjectConfigurationPlatforms) = postSolution
		{2156ABEE-A2E6-480D-A38F-BEA2D63A4134}.Debug|Any CPU.ActiveCfg = Debug|Any CPU
		{2156ABEE-A2E6-480D-A38F-BEA2D63A4134}.Debug|Any CPU.Build.0 = Debug|Any CPU
		{2156ABEE-A2E6-480D-A38F-BEA2D63A4134}.Release|Any CPU.ActiveCfg = Release|Any CPU
		{2156ABEE-A2E6-480D-A38F-BEA2D63A4134}.Release|Any CPU.Build.0 = Release|Any CPU
	EndGlobalSection
	GlobalSection(SolutionProperties) = preSolution
		HideSolutionNode = FALSE
	EndGlobalSection
	GlobalSection(ExtensibilityGlobals) = postSolution
		SolutionGuid = {2B431D24-808B-4E61-97E6-79A87336042C}
	EndGlobalSection
EndGlobal
